
Microsoft Visual Studio Solution File, Format Version 12.00
# Visual Studio Version 17
VisualStudioVersion = 17.4.33213.308
MinimumVisualStudioVersion = 10.0.40219.1
Project("{FAE04EC0-301F-11D3-BF4B-00C04F79EFBC}") = "Otopark", "Otopark\Otopark.csproj", "{B505E08E-8B13-4904-A787-99C0AFBBAC2B}"
EndProject
Global
	GlobalSection(SolutionConfigurationPlatforms) = preSolution
		Debug|Any CPU = Debug|Any CPU
		Debug|x64 = Debug|x64
		Release|Any CPU = Release|Any CPU
		Release|x64 = Release|x64
	EndGlobalSection
	GlobalSection(ProjectConfigurationPlatforms) = postSolution
		{B505E08E-8B13-4904-A787-99C0AFBBAC2B}.Debug|Any CPU.ActiveCfg = Debug|Any CPU
		{B505E08E-8B13-4904-A787-99C0AFBBAC2B}.Debug|Any CPU.Build.0 = Debug|Any CPU
		{B505E08E-8B13-4904-A787-99C0AFBBAC2B}.Debug|x64.ActiveCfg = Debug|x64
		{B505E08E-8B13-4904-A787-99C0AFBBAC2B}.Debug|x64.Build.0 = Debug|x64
		{B505E08E-8B13-4904-A787-99C0AFBBAC2B}.Release|Any CPU.ActiveCfg = Release|Any CPU
		{B505E08E-8B13-4904-A787-99C0AFBBAC2B}.Release|Any CPU.Build.0 = Release|Any CPU
		{B505E08E-8B13-4904-A787-99C0AFBBAC2B}.Release|x64.ActiveCfg = Release|x64
		{B505E08E-8B13-4904-A787-99C0AFBBAC2B}.Release|x64.Build.0 = Release|x64
	EndGlobalSection
	GlobalSection(SolutionProperties) = preSolution
		HideSolutionNode = FALSE
	EndGlobalSection
	GlobalSection(ExtensibilityGlobals) = postSolution
		SolutionGuid = {8908F793-F47D-4644-A047-BAC327C1845F}
	EndGlobalSection
EndGlobal
